PODS:
  - beacon_scanner_ios (0.0.3):
    - Flutter
  - bluetooth_enable_fork (0.1.4):
    - Flutter
  - Flutter (1.0.0)
  - flutter_background_service_ios (0.0.3):
    - Flutter
  - flutter_local_notifications (0.0.1):
    - Flutter
  - geolocator_apple (1.2.0):
    - Flutter
  - permission_handler_apple (9.3.0):
    - Flutter

DEPENDENCIES:
  - beacon_scanner_ios (from `.symlinks/plugins/beacon_scanner_ios/ios`)
  - bluetooth_enable_fork (from `.symlinks/plugins/bluetooth_enable_fork/ios`)
  - Flutter (from `Flutter`)
  - flutter_background_service_ios (from `.symlinks/plugins/flutter_background_service_ios/ios`)
  - flutter_local_notifications (from `.symlinks/plugins/flutter_local_notifications/ios`)
  - geolocator_apple (from `.symlinks/plugins/geolocator_apple/ios`)
  - permission_handler_apple (from `.symlinks/plugins/permission_handler_apple/ios`)

EXTERNAL SOURCES:
  beacon_scanner_ios:
    :path: ".symlinks/plugins/beacon_scanner_ios/ios"
  bluetooth_enable_fork:
    :path: ".symlinks/plugins/bluetooth_enable_fork/ios"
  Flutter:
    :path: Flutter
  flutter_background_service_ios:
    :path: ".symlinks/plugins/flutter_background_service_ios/ios"
  flutter_local_notifications:
    :path: ".symlinks/plugins/flutter_local_notifications/ios"
  geolocator_apple:
    :path: ".symlinks/plugins/geolocator_apple/ios"
  permission_handler_apple:
    :path: ".symlinks/plugins/permission_handler_apple/ios"

SPEC CHECKSUMS:
  beacon_scanner_ios: b951e85b3dc748a533fff6570fcf75a7b544db91
  bluetooth_enable_fork: 73b8ca6e67230a9baa04010cd5c1e824e00d2797
  Flutter: e0871f40cf51350855a761d2e70bf5af5b9b5de7
  flutter_background_service_ios: e30e0d3ee69e4cee66272d0c78eacd48c2e94aac
  flutter_local_notifications: 4cde75091f6327eb8517fa068a0a5950212d2086
  geolocator_apple: 6cbaf322953988e009e5ecb481f07efece75c450
  permission_handler_apple: 9878588469a2b0d0fc1e048d9f43605f92e6cec2

PODFILE CHECKSUM: 819463e6a0290f5a72f145ba7cde16e8b6ef0796

COCOAPODS: 1.14.2
